
Microsoft Visual Studio Solution File, Format Version 12.00
# Visual Studio Version 17
VisualStudioVersion = 17.1.32228.430
MinimumVisualStudioVersion = 10.0.40219.1
Project("{FAE04EC0-301F-11D3-BF4B-00C04F79EFBC}") = "BankApp", "BankApp\BankApp.csproj", "{1966300B-A469-4E0F-94CC-106BA0082A3F}"
EndProject
Global
	GlobalSection(SolutionConfigurationPlatforms) = preSolution
		Debug|Any CPU = Debug|Any CPU
		Release|Any CPU = Release|Any CPU
	EndGlobalSection
	GlobalSection(ProjectConfigurationPlatforms) = postSolution
		{1966300B-A469-4E0F-94CC-106BA0082A3F}.Debug|Any CPU.ActiveCfg = Debug|Any CPU
		{1966300B-A469-4E0F-94CC-106BA0082A3F}.Debug|Any CPU.Build.0 = Debug|Any CPU
		{1966300B-A469-4E0F-94CC-106BA0082A3F}.Release|Any CPU.ActiveCfg = Release|Any CPU
		{1966300B-A469-4E0F-94CC-106BA0082A3F}.Release|Any CPU.Build.0 = Release|Any CPU
	EndGlobalSection
	GlobalSection(SolutionProperties) = preSolution
		HideSolutionNode = FALSE
	EndGlobalSection
	GlobalSection(ExtensibilityGlobals) = postSolution
		SolutionGuid = {685102A9-AE62-4276-A9B8-18D28613CE78}
	EndGlobalSection
EndGlobal
